
Microsoft Visual Studio Solution File, Format Version 12.00
# Visual Studio Version 16
VisualStudioVersion = 16.0.32901.82
MinimumVisualStudioVersion = 10.0.40219.1
Project("{FAE04EC0-301F-11D3-BF4B-00C04F79EFBC}") = "App_3_7_Practice", "App_3_7_Practice\App_3_7_Practice.csproj", "{940795F2-78D1-4D0D-BA8B-8C59004FCF7C}"
EndProject
Global
	GlobalSection(SolutionConfigurationPlatforms) = preSolution
		Debug|Any CPU = Debug|Any CPU
		Release|Any CPU = Release|Any CPU
	EndGlobalSection
	GlobalSection(ProjectConfigurationPlatforms) = postSolution
		{940795F2-78D1-4D0D-BA8B-8C59004FCF7C}.Debug|Any CPU.ActiveCfg = Debug|Any CPU
		{940795F2-78D1-4D0D-BA8B-8C59004FCF7C}.Debug|Any CPU.Build.0 = Debug|Any CPU
		{940795F2-78D1-4D0D-BA8B-8C59004FCF7C}.Release|Any CPU.ActiveCfg = Release|Any CPU
		{940795F2-78D1-4D0D-BA8B-8C59004FCF7C}.Release|Any CPU.Build.0 = Release|Any CPU
	EndGlobalSection
	GlobalSection(SolutionProperties) = preSolution
		HideSolutionNode = FALSE
	EndGlobalSection
	GlobalSection(ExtensibilityGlobals) = postSolution
		SolutionGuid = {D03A9BE9-AEBE-4760-8203-C305BD759396}
	EndGlobalSection
EndGlobal
